{
  "nodes": {
    "catppuccin": {
      "locked": {
        "lastModified": 1731088327,
        "narHash": "sha256-Oizjf0wXBTqALipX4fQdGjq9IBSCXz8wwcfCGRK73bI=",
        "owner": "catppuccin",
        "repo": "nix",
        "rev": "7bebd062df3239c005c0d600f5dfd8514f5915f8",
        "type": "github"
      },
      "original": {
        "owner": "catppuccin",
        "repo": "nix",
        "type": "github"
      }
    },
    "firefox-addons": {
      "inputs": {
        "flake-utils": "flake-utils",
        "nixpkgs": [
          "nixpkgs"
        ]
      },
      "locked": {
        "dir": "pkgs/firefox-addons",
        "lastModified": 1731038603,
        "narHash": "sha256-4eJQfKZnMwy7Y2bFHqw/mpZjsPWrXfITmgTLPGmfl/w=",
        "owner": "rycee",
        "repo": "nur-expressions",
        "rev": "674763b3eb6f0bdfa1f987984711bd3f33efc7bf",
        "type": "gitlab"
      },
      "original": {
        "dir": "pkgs/firefox-addons",
        "owner": "rycee",
        "repo": "nur-expressions",
        "type": "gitlab"
      }
    },
    "flake-utils": {
      "locked": {
        "lastModified": 1629284811,
        "narHash": "sha256-JHgasjPR0/J1J3DRm4KxM4zTyAj4IOJY8vIl75v/kPI=",
        "owner": "numtide",
        "repo": "flake-utils",
        "rev": "c5d161cc0af116a2e17f54316f0bf43f0819785c",
        "type": "github"
      },
      "original": {
        "owner": "numtide",
        "repo": "flake-utils",
        "type": "github"
      }
    },
    "flake-utils_2": {
      "inputs": {
        "systems": "systems"
      },
      "locked": {
        "lastModified": 1710146030,
        "narHash": "sha256-SZ5L6eA7HJ/nmkzGG7/ISclqe6oZdOZTNoesiInkXPQ=",
        "owner": "numtide",
        "repo": "flake-utils",
        "rev": "b1d9ab70662946ef0850d488da1c9019f3a9752a",
        "type": "github"
      },
      "original": {
        "owner": "numtide",
        "repo": "flake-utils",
        "type": "github"
      }
    },
    "hardware": {
      "locked": {
        "lastModified": 1730919458,
        "narHash": "sha256-yMO0T0QJlmT/x4HEyvrCyigGrdYfIXX3e5gWqB64wLg=",
        "owner": "NixOS",
        "repo": "nixos-hardware",
        "rev": "e1cc1f6483393634aee94514186d21a4871e78d7",
        "type": "github"
      },
      "original": {
        "owner": "NixOS",
        "ref": "master",
        "repo": "nixos-hardware",
        "type": "github"
      }
    },
    "home-manager": {
      "inputs": {
        "nixpkgs": [
          "nixpkgs"
        ]
      },
      "locked": {
        "lastModified": 1730837930,
        "narHash": "sha256-0kZL4m+bKBJUBQse0HanewWO0g8hDdCvBhudzxgehqc=",
        "owner": "nix-community",
        "repo": "home-manager",
        "rev": "2f607e07f3ac7e53541120536708e824acccfaa8",
        "type": "github"
      },
      "original": {
        "owner": "nix-community",
        "repo": "home-manager",
        "type": "github"
      }
    },
    "nil-ls": {
      "inputs": {
        "flake-utils": "flake-utils_2",
        "nixpkgs": "nixpkgs",
        "rust-overlay": "rust-overlay"
      },
      "locked": {
        "lastModified": 1726716330,
        "narHash": "sha256-mIuOP4I51eFLquRaxMKx67pHmhatZrcVPjfHL98v/M8=",
        "owner": "oxalica",
        "repo": "nil",
        "rev": "c8e8ce72442a164d89d3fdeaae0bcc405f8c015a",
        "type": "github"
      },
      "original": {
        "owner": "oxalica",
        "repo": "nil",
        "type": "github"
      }
    },
    "nixpkgs": {
      "locked": {
        "lastModified": 1726481836,
        "narHash": "sha256-MWTBH4dd5zIz2iatDb8IkqSjIeFum9jAqkFxgHLdzO4=",
        "owner": "nixos",
        "repo": "nixpkgs",
        "rev": "20f9370d5f588fb8c72e844c54511cab054b5f40",
        "type": "github"
      },
      "original": {
        "owner": "nixos",
        "ref": "nixpkgs-unstable",
        "repo": "nixpkgs",
        "type": "github"
      }
    },
    "nixpkgs-stable": {
      "locked": {
        "lastModified": 1730883749,
        "narHash": "sha256-mwrFF0vElHJP8X3pFCByJR365Q2463ATp2qGIrDUdlE=",
        "owner": "nixos",
        "repo": "nixpkgs",
        "rev": "dba414932936fde69f0606b4f1d87c5bc0003ede",
        "type": "github"
      },
      "original": {
        "owner": "nixos",
        "ref": "nixos-24.05",
        "repo": "nixpkgs",
        "type": "github"
      }
    },
    "nixpkgs_2": {
      "locked": {
        "lastModified": 1730785428,
        "narHash": "sha256-Zwl8YgTVJTEum+L+0zVAWvXAGbWAuXHax3KzuejaDyo=",
        "owner": "nixos",
        "repo": "nixpkgs",
        "rev": "4aa36568d413aca0ea84a1684d2d46f55dbabad7",
        "type": "github"
      },
      "original": {
        "owner": "nixos",
        "ref": "nixos-unstable",
        "repo": "nixpkgs",
        "type": "github"
      }
    },
    "root": {
      "inputs": {
        "catppuccin": "catppuccin",
        "firefox-addons": "firefox-addons",
        "hardware": "hardware",
        "home-manager": "home-manager",
        "nil-ls": "nil-ls",
        "nixpkgs": "nixpkgs_2",
        "nixpkgs-stable": "nixpkgs-stable",
        "sops-nix": "sops-nix",
        "systems": "systems_2"
      }
    },
    "rust-overlay": {
      "inputs": {
        "nixpkgs": [
          "nil-ls",
          "nixpkgs"
        ]
      },
      "locked": {
        "lastModified": 1726453838,
        "narHash": "sha256-pupsow4L79SBfNwT6vh/5RAbVZuhngIA0RTCZksXmZY=",
        "owner": "oxalica",
        "repo": "rust-overlay",
        "rev": "ca2e79cd22625d214b8437c2c4080ce79bd9f7d2",
        "type": "github"
      },
      "original": {
        "owner": "oxalica",
        "repo": "rust-overlay",
        "type": "github"
      }
    },
    "sops-nix": {
      "inputs": {
        "nixpkgs": [
          "nixpkgs"
        ],
        "nixpkgs-stable": [
          "nixpkgs"
        ]
      },
      "locked": {
        "lastModified": 1731047660,
        "narHash": "sha256-iyp51lPWEQz4c5VH9bVbAuBcFP4crETU2QJYh5V0NYA=",
        "owner": "mic92",
        "repo": "sops-nix",
        "rev": "60e1bce1999f126e3b16ef45f89f72f0c3f8d16f",
        "type": "github"
      },
      "original": {
        "owner": "mic92",
        "repo": "sops-nix",
        "type": "github"
      }
    },
    "systems": {
      "locked": {
        "lastModified": 1681028828,
        "narHash": "sha256-Vy1rq5AaRuLzOxct8nz4T6wlgyUR7zLU309k9mBC768=",
        "owner": "nix-systems",
        "repo": "default",
        "rev": "da67096a3b9bf56a91d16901293e51ba5b49a27e",
        "type": "github"
      },
      "original": {
        "owner": "nix-systems",
        "repo": "default",
        "type": "github"
      }
    },
    "systems_2": {
      "locked": {
        "lastModified": 1689347949,
        "narHash": "sha256-12tWmuL2zgBgZkdoB6qXZsgJEH9LR3oUgpaQq2RbI80=",
        "owner": "nix-systems",
        "repo": "default-linux",
        "rev": "31732fcf5e8fea42e59c2488ad31a0e651500f68",
        "type": "github"
      },
      "original": {
        "owner": "nix-systems",
        "repo": "default-linux",
        "type": "github"
      }
    }
  },
  "root": "root",
  "version": 7
}
